
Microsoft Visual Studio Solution File, Format Version 12.00
# Visual Studio Version 16
VisualStudioVersion = 16.0.30413.136
MinimumVisualStudioVersion = 10.0.40219.1
Project("{FAE04EC0-301F-11D3-BF4B-00C04F79EFBC}") = "dropbox02", "dropbox02.csproj", "{B42F5A67-A42D-44A7-BBCB-82705121E6FA}"
EndProject
Global
	GlobalSection(SolutionConfigurationPlatforms) = preSolution
		Debug|Any CPU = Debug|Any CPU
		Release|Any CPU = Release|Any CPU
	EndGlobalSection
	GlobalSection(ProjectConfigurationPlatforms) = postSolution
		{B42F5A67-A42D-44A7-BBCB-82705121E6FA}.Debug|Any CPU.ActiveCfg = Debug|Any CPU
		{B42F5A67-A42D-44A7-BBCB-82705121E6FA}.Debug|Any CPU.Build.0 = Debug|Any CPU
		{B42F5A67-A42D-44A7-BBCB-82705121E6FA}.Release|Any CPU.ActiveCfg = Release|Any CPU
		{B42F5A67-A42D-44A7-BBCB-82705121E6FA}.Release|Any CPU.Build.0 = Release|Any CPU
	EndGlobalSection
	GlobalSection(SolutionProperties) = preSolution
		HideSolutionNode = FALSE
	EndGlobalSection
	GlobalSection(ExtensibilityGlobals) = postSolution
		SolutionGuid = {960F204E-4D2C-42DE-98D2-C8E83BB5A6FA}
	EndGlobalSection
EndGlobal
